// !$*UTF8*$!
{
	archiveVersion = 1;
	classes = {
	};
	objectVersion = 50;
	objects = {

/* Begin PBXBuildFile section */
		B8F08957B1B581C621E1A7FD /* Pods_CenaNavidad.framework in Frameworks */ = {isa = PBXBuildFile; fileRef = 79AB91E541C1B9C0843F94E2 /* Pods_CenaNavidad.framework */; };
		DD75210F21E8B32A0088D178 /* ModifyViewController.swift in Sources */ = {isa = PBXBuildFile; fileRef = DD75210D21E8B32A0088D178 /* ModifyViewController.swift */; };
		DD75211021E8B32A0088D178 /* ModifyViewController.xib in Resources */ = {isa = PBXBuildFile; fileRef = DD75210E21E8B32A0088D178 /* ModifyViewController.xib */; };
		DD75211C21E8DC150088D178 /* mdfAlertViewController.swift in Sources */ = {isa = PBXBuildFile; fileRef = DD75211A21E8DC150088D178 /* mdfAlertViewController.swift */; };
		DD75211D21E8DC150088D178 /* mdfAlertViewController.xib in Resources */ = {isa = PBXBuildFile; fileRef = DD75211B21E8DC150088D178 /* mdfAlertViewController.xib */; };
		DD85A0F621E7BE45005DD2E1 /* FilterPay.swift in Sources */ = {isa = PBXBuildFile; fileRef = DD85A0F421E7BE45005DD2E1 /* FilterPay.swift */; };
		DD85A0F721E7BE45005DD2E1 /* FilterPay.xib in Resources */ = {isa = PBXBuildFile; fileRef = DD85A0F521E7BE45005DD2E1 /* FilterPay.xib */; };
		DD85A0FA21E7BF1A005DD2E1 /* FilteredPayCell.swift in Sources */ = {isa = PBXBuildFile; fileRef = DD85A0F821E7BF1A005DD2E1 /* FilteredPayCell.swift */; };
		DD85A0FB21E7BF1A005DD2E1 /* FilteredPayCell.xib in Resources */ = {isa = PBXBuildFile; fileRef = DD85A0F921E7BF1A005DD2E1 /* FilteredPayCell.xib */; };
		DD85A0FE21E7BFBF005DD2E1 /* EmptyTableViewCell.swift in Sources */ = {isa = PBXBuildFile; fileRef = DD85A0FC21E7BFBF005DD2E1 /* EmptyTableViewCell.swift */; };
		DD85A0FF21E7BFBF005DD2E1 /* EmptyTableViewCell.xib in Resources */ = {isa = PBXBuildFile; fileRef = DD85A0FD21E7BFBF005DD2E1 /* EmptyTableViewCell.xib */; };
		DDD4864B21E644FF002C4657 /* AppDelegate.swift in Sources */ = {isa = PBXBuildFile; fileRef = DDD4864A21E644FF002C4657 /* AppDelegate.swift */; };
		DDD4865221E64501002C4657 /* Assets.xcassets in Resources */ = {isa = PBXBuildFile; fileRef = DDD4865121E64501002C4657 /* Assets.xcassets */; };
		DDD4865521E64501002C4657 /* LaunchScreen.storyboard in Resources */ = {isa = PBXBuildFile; fileRef = DDD4865321E64501002C4657 /* LaunchScreen.storyboard */; };
		DDD4865F21E64A08002C4657 /* ParticipantesViewController.swift in Sources */ = {isa = PBXBuildFile; fileRef = DDD4865D21E64A08002C4657 /* ParticipantesViewController.swift */; };
		DDD4866021E64A08002C4657 /* ParticipantesViewController.xib in Resources */ = {isa = PBXBuildFile; fileRef = DDD4865E21E64A08002C4657 /* ParticipantesViewController.xib */; };
		DDD4866421E64B54002C4657 /* PeopleTableViewCell.swift in Sources */ = {isa = PBXBuildFile; fileRef = DDD4866221E64B54002C4657 /* PeopleTableViewCell.swift */; };
		DDD4866521E64B54002C4657 /* PeopleTableViewCell.xib in Resources */ = {isa = PBXBuildFile; fileRef = DDD4866321E64B54002C4657 /* PeopleTableViewCell.xib */; };
		DDD4866821E64ED9002C4657 /* Participantes.swift in Sources */ = {isa = PBXBuildFile; fileRef = DDD4866721E64ED9002C4657 /* Participantes.swift */; };
		DDD4866B21E655AE002C4657 /* Repository.swift in Sources */ = {isa = PBXBuildFile; fileRef = DDD4866A21E655AE002C4657 /* Repository.swift */; };
		DDD4866D21E655C7002C4657 /* LocalPeopleRepository.swift in Sources */ = {isa = PBXBuildFile; fileRef = DDD4866C21E655C7002C4657 /* LocalPeopleRepository.swift */; };
		DDD4867021E657A6002C4657 /* Entity.swift in Sources */ = {isa = PBXBuildFile; fileRef = DDD4866F21E657A6002C4657 /* Entity.swift */; };
		DDD4867521E65B77002C4657 /* AddViewController.swift in Sources */ = {isa = PBXBuildFile; fileRef = DDD4867321E65B77002C4657 /* AddViewController.swift */; };
		DDD4867621E65B77002C4657 /* AddViewController.xib in Resources */ = {isa = PBXBuildFile; fileRef = DDD4867421E65B77002C4657 /* AddViewController.xib */; };
/* End PBXBuildFile section */

/* Begin PBXFileReference section */
		16342E4F5350A8FB5764E363 /* Pods-CenaNavidad.debug.xcconfig */ = {isa = PBXFileReference; includeInIndex = 1; lastKnownFileType = text.xcconfig; name = "Pods-CenaNavidad.debug.xcconfig"; path = "Pods/Target Support Files/Pods-CenaNavidad/Pods-CenaNavidad.debug.xcconfig"; sourceTree = "<group>"; };
		79AB91E541C1B9C0843F94E2 /* Pods_CenaNavidad.framework */ = {isa = PBXFileReference; explicitFileType = wrapper.framework; includeInIndex = 0; path = Pods_CenaNavidad.framework; sourceTree = BUILT_PRODUCTS_DIR; };
		B273E608E1D016EF145AB597 /* Pods-CenaNavidad.release.xcconfig */ = {isa = PBXFileReference; includeInIndex = 1; lastKnownFileType = text.xcconfig; name = "Pods-CenaNavidad.release.xcconfig"; path = "Pods/Target Support Files/Pods-CenaNavidad/Pods-CenaNavidad.release.xcconfig"; sourceTree = "<group>"; };
		DD75210D21E8B32A0088D178 /* ModifyViewController.swift */ = {isa = PBXFileReference; lastKnownFileType = sourcecode.swift; path = ModifyViewController.swift; sourceTree = "<group>"; };
		DD75210E21E8B32A0088D178 /* ModifyViewController.xib */ = {isa = PBXFileReference; lastKnownFileType = file.xib; path = ModifyViewController.xib; sourceTree = "<group>"; };
		DD75211A21E8DC150088D178 /* mdfAlertViewController.swift */ = {isa = PBXFileReference; lastKnownFileType = sourcecode.swift; path = mdfAlertViewController.swift; sourceTree = "<group>"; };
		DD75211B21E8DC150088D178 /* mdfAlertViewController.xib */ = {isa = PBXFileReference; lastKnownFileType = file.xib; path = mdfAlertViewController.xib; sourceTree = "<group>"; };
		DD85A0F421E7BE45005DD2E1 /* FilterPay.swift */ = {isa = PBXFileReference; lastKnownFileType = sourcecode.swift; path = FilterPay.swift; sourceTree = "<group>"; };
		DD85A0F521E7BE45005DD2E1 /* FilterPay.xib */ = {isa = PBXFileReference; lastKnownFileType = file.xib; path = FilterPay.xib; sourceTree = "<group>"; };
		DD85A0F821E7BF1A005DD2E1 /* FilteredPayCell.swift */ = {isa = PBXFileReference; lastKnownFileType = sourcecode.swift; path = FilteredPayCell.swift; sourceTree = "<group>"; };
		DD85A0F921E7BF1A005DD2E1 /* FilteredPayCell.xib */ = {isa = PBXFileReference; lastKnownFileType = file.xib; path = FilteredPayCell.xib; sourceTree = "<group>"; };
		DD85A0FC21E7BFBF005DD2E1 /* EmptyTableViewCell.swift */ = {isa = PBXFileReference; lastKnownFileType = sourcecode.swift; path = EmptyTableViewCell.swift; sourceTree = "<group>"; };
		DD85A0FD21E7BFBF005DD2E1 /* EmptyTableViewCell.xib */ = {isa = PBXFileReference; lastKnownFileType = file.xib; path = EmptyTableViewCell.xib; sourceTree = "<group>"; };
		DDD4864721E644FF002C4657 /* CenaNavidad.app */ = {isa = PBXFileReference; explicitFileType = wrapper.application; includeInIndex = 0; path = CenaNavidad.app; sourceTree = BUILT_PRODUCTS_DIR; };
		DDD4864A21E644FF002C4657 /* AppDelegate.swift */ = {isa = PBXFileReference; lastKnownFileType = sourcecode.swift; path = AppDelegate.swift; sourceTree = "<group>"; };
		DDD4865121E64501002C4657 /* Assets.xcassets */ = {isa = PBXFileReference; lastKnownFileType = folder.assetcatalog; path = Assets.xcassets; sourceTree = "<group>"; };
		DDD4865421E64501002C4657 /* Base */ = {isa = PBXFileReference; lastKnownFileType = file.storyboard; name = Base; path = Base.lproj/LaunchScreen.storyboard; sourceTree = "<group>"; };
		DDD4865621E64501002C4657 /* Info.plist */ = {isa = PBXFileReference; lastKnownFileType = text.plist.xml; path = Info.plist; sourceTree = "<group>"; };
		DDD4865D21E64A08002C4657 /* ParticipantesViewController.swift */ = {isa = PBXFileReference; lastKnownFileType = sourcecode.swift; path = ParticipantesViewController.swift; sourceTree = "<group>"; };
		DDD4865E21E64A08002C4657 /* ParticipantesViewController.xib */ = {isa = PBXFileReference; lastKnownFileType = file.xib; path = ParticipantesViewController.xib; sourceTree = "<group>"; };
		DDD4866221E64B54002C4657 /* PeopleTableViewCell.swift */ = {isa = PBXFileReference; lastKnownFileType = sourcecode.swift; path = PeopleTableViewCell.swift; sourceTree = "<group>"; };
		DDD4866321E64B54002C4657 /* PeopleTableViewCell.xib */ = {isa = PBXFileReference; lastKnownFileType = file.xib; path = PeopleTableViewCell.xib; sourceTree = "<group>"; };
		DDD4866721E64ED9002C4657 /* Participantes.swift */ = {isa = PBXFileReference; lastKnownFileType = sourcecode.swift; path = Participantes.swift; sourceTree = "<group>"; };
		DDD4866A21E655AE002C4657 /* Repository.swift */ = {isa = PBXFileReference; lastKnownFileType = sourcecode.swift; path = Repository.swift; sourceTree = "<group>"; };
		DDD4866C21E655C7002C4657 /* LocalPeopleRepository.swift */ = {isa = PBXFileReference; lastKnownFileType = sourcecode.swift; path = LocalPeopleRepository.swift; sourceTree = "<group>"; };
		DDD4866F21E657A6002C4657 /* Entity.swift */ = {isa = PBXFileReference; lastKnownFileType = sourcecode.swift; path = Entity.swift; sourceTree = "<group>"; };
		DDD4867321E65B77002C4657 /* AddViewController.swift */ = {isa = PBXFileReference; lastKnownFileType = sourcecode.swift; path = AddViewController.swift; sourceTree = "<group>"; };
		DDD4867421E65B77002C4657 /* AddViewController.xib */ = {isa = PBXFileReference; lastKnownFileType = file.xib; path = AddViewController.xib; sourceTree = "<group>"; };
/* End PBXFileReference section */

/* Begin PBXFrameworksBuildPhase section */
		DDD4864421E644FF002C4657 /* Frameworks */ = {
			isa = PBXFrameworksBuildPhase;
			buildActionMask = 2147483647;
			files = (
				B8F08957B1B581C621E1A7FD /* Pods_CenaNavidad.framework in Frameworks */,
			);
			runOnlyForDeploymentPostprocessing = 0;
		};
/* End PBXFrameworksBuildPhase section */

/* Begin PBXGroup section */
		BDDF5DD43BBF432BE2E0E4DC /* Pods */ = {
			isa = PBXGroup;
			children = (
				16342E4F5350A8FB5764E363 /* Pods-CenaNavidad.debug.xcconfig */,
				B273E608E1D016EF145AB597 /* Pods-CenaNavidad.release.xcconfig */,
			);
			name = Pods;
			sourceTree = "<group>";
		};
		CDF88B25254A1CFC87D50D7D /* Frameworks */ = {
			isa = PBXGroup;
			children = (
				79AB91E541C1B9C0843F94E2 /* Pods_CenaNavidad.framework */,
			);
			name = Frameworks;
			sourceTree = "<group>";
		};
		DD75210121E8B2300088D178 /* ModifyVC */ = {
			isa = PBXGroup;
			children = (
				DD75210D21E8B32A0088D178 /* ModifyViewController.swift */,
				DD75210E21E8B32A0088D178 /* ModifyViewController.xib */,
			);
			path = ModifyVC;
			sourceTree = "<group>";
		};
		DD85A0F321E7BE25005DD2E1 /* FilterPayVC */ = {
			isa = PBXGroup;
			children = (
				DD85A0F421E7BE45005DD2E1 /* FilterPay.swift */,
				DD85A0F521E7BE45005DD2E1 /* FilterPay.xib */,
			);
			path = FilterPayVC;
			sourceTree = "<group>";
		};
		DDD4863E21E644FF002C4657 = {
			isa = PBXGroup;
			children = (
				DDD4864921E644FF002C4657 /* CenaNavidad */,
				DDD4864821E644FF002C4657 /* Products */,
				BDDF5DD43BBF432BE2E0E4DC /* Pods */,
				CDF88B25254A1CFC87D50D7D /* Frameworks */,
			);
			sourceTree = "<group>";
		};
		DDD4864821E644FF002C4657 /* Products */ = {
			isa = PBXGroup;
			children = (
				DDD4864721E644FF002C4657 /* CenaNavidad.app */,
			);
			name = Products;
			sourceTree = "<group>";
		};
		DDD4864921E644FF002C4657 /* CenaNavidad */ = {
			isa = PBXGroup;
			children = (
				DDD4866E21E65794002C4657 /* Entities */,
				DDD4866921E6559C002C4657 /* Repositories */,
				DDD4866621E64EC9002C4657 /* Models */,
				DDD4866121E64B2F002C4657 /* Cells */,
				DDD4865C21E64524002C4657 /* ViewControllers */,
				DDD4864A21E644FF002C4657 /* AppDelegate.swift */,
				DDD4865121E64501002C4657 /* Assets.xcassets */,
				DDD4865321E64501002C4657 /* LaunchScreen.storyboard */,
				DDD4865621E64501002C4657 /* Info.plist */,
			);
			path = CenaNavidad;
			sourceTree = "<group>";
		};
		DDD4865C21E64524002C4657 /* ViewControllers */ = {
			isa = PBXGroup;
			children = (
				DD75210121E8B2300088D178 /* ModifyVC */,
				DD85A0F321E7BE25005DD2E1 /* FilterPayVC */,
				DDD4867221E65B4C002C4657 /* AddVC */,
				DDD4867121E65B37002C4657 /* ParticipantesVC */,
			);
			path = ViewControllers;
			sourceTree = "<group>";
		};
		DDD4866121E64B2F002C4657 /* Cells */ = {
			isa = PBXGroup;
			children = (
				DDD4866221E64B54002C4657 /* PeopleTableViewCell.swift */,
				DDD4866321E64B54002C4657 /* PeopleTableViewCell.xib */,
				DD85A0F821E7BF1A005DD2E1 /* FilteredPayCell.swift */,
				DD85A0F921E7BF1A005DD2E1 /* FilteredPayCell.xib */,
				DD85A0FC21E7BFBF005DD2E1 /* EmptyTableViewCell.swift */,
				DD85A0FD21E7BFBF005DD2E1 /* EmptyTableViewCell.xib */,
			);
			path = Cells;
			sourceTree = "<group>";
		};
		DDD4866621E64EC9002C4657 /* Models */ = {
			isa = PBXGroup;
			children = (
				DDD4866721E64ED9002C4657 /* Participantes.swift */,
			);
			path = Models;
			sourceTree = "<group>";
		};
		DDD4866921E6559C002C4657 /* Repositories */ = {
			isa = PBXGroup;
			children = (
				DDD4866A21E655AE002C4657 /* Repository.swift */,
				DDD4866C21E655C7002C4657 /* LocalPeopleRepository.swift */,
			);
			path = Repositories;
			sourceTree = "<group>";
		};
		DDD4866E21E65794002C4657 /* Entities */ = {
			isa = PBXGroup;
			children = (
				DDD4866F21E657A6002C4657 /* Entity.swift */,
			);
			path = Entities;
			sourceTree = "<group>";
		};
		DDD4867121E65B37002C4657 /* ParticipantesVC */ = {
			isa = PBXGroup;
			children = (
				DDD4865D21E64A08002C4657 /* ParticipantesViewController.swift */,
				DDD4865E21E64A08002C4657 /* ParticipantesViewController.xib */,
			);
			path = ParticipantesVC;
			sourceTree = "<group>";
		};
		DDD4867221E65B4C002C4657 /* AddVC */ = {
			isa = PBXGroup;
			children = (
				DDD4867321E65B77002C4657 /* AddViewController.swift */,
				DDD4867421E65B77002C4657 /* AddViewController.xib */,
				DD75211A21E8DC150088D178 /* mdfAlertViewController.swift */,
				DD75211B21E8DC150088D178 /* mdfAlertViewController.xib */,
			);
			path = AddVC;
			sourceTree = "<group>";
		};
/* End PBXGroup section */

/* Begin PBXNativeTarget section */
		DDD4864621E644FF002C4657 /* CenaNavidad */ = {
			isa = PBXNativeTarget;
			buildConfigurationList = DDD4865921E64501002C4657 /* Build configuration list for PBXNativeTarget "CenaNavidad" */;
			buildPhases = (
				37AFBEBC0B97B8746404E3D9 /* [CP] Check Pods Manifest.lock */,
				DDD4864321E644FF002C4657 /* Sources */,
				DDD4864421E644FF002C4657 /* Frameworks */,
				DDD4864521E644FF002C4657 /* Resources */,
				974CE91D8F2D948758726509 /* [CP] Embed Pods Frameworks */,
			);
			buildRules = (
			);
			dependencies = (
			);
			name = CenaNavidad;
			productName = CenaNavidad;
			productReference = DDD4864721E644FF002C4657 /* CenaNavidad.app */;
			productType = "com.apple.product-type.application";
		};
/* End PBXNativeTarget section */

/* Begin PBXProject section */
		DDD4863F21E644FF002C4657 /* Project object */ = {
			isa = PBXProject;
			attributes = {
				LastSwiftUpdateCheck = 0930;
				LastUpgradeCheck = 0930;
				ORGANIZATIONNAME = "SEBASTIÁN TANGARIFE ACERO";
				TargetAttributes = {
					DDD4864621E644FF002C4657 = {
						CreatedOnToolsVersion = 9.3;
					};
				};
			};
			buildConfigurationList = DDD4864221E644FF002C4657 /* Build configuration list for PBXProject "CenaNavidad" */;
			compatibilityVersion = "Xcode 9.3";
			developmentRegion = en;
			hasScannedForEncodings = 0;
			knownRegions = (
				en,
				Base,
			);
			mainGroup = DDD4863E21E644FF002C4657;
			productRefGroup = DDD4864821E644FF002C4657 /* Products */;
			projectDirPath = "";
			projectRoot = "";
			targets = (
				DDD4864621E644FF002C4657 /* CenaNavidad */,
			);
		};
/* End PBXProject section */

/* Begin PBXResourcesBuildPhase section */
		DDD4864521E644FF002C4657 /* Resources */ = {
			isa = PBXResourcesBuildPhase;
			buildActionMask = 2147483647;
			files = (
				DD85A0F721E7BE45005DD2E1 /* FilterPay.xib in Resources */,
				DD85A0FF21E7BFBF005DD2E1 /* EmptyTableViewCell.xib in Resources */,
				DDD4867621E65B77002C4657 /* AddViewController.xib in Resources */,
				DD75211D21E8DC150088D178 /* mdfAlertViewController.xib in Resources */,
				DD85A0FB21E7BF1A005DD2E1 /* FilteredPayCell.xib in Resources */,
				DDD4866521E64B54002C4657 /* PeopleTableViewCell.xib in Resources */,
				DDD4865521E64501002C4657 /* LaunchScreen.storyboard in Resources */,
				DD75211021E8B32A0088D178 /* ModifyViewController.xib in Resources */,
				DDD4865221E64501002C4657 /* Assets.xcassets in Resources */,
				DDD4866021E64A08002C4657 /* ParticipantesViewController.xib in Resources */,
			);
			runOnlyForDeploymentPostprocessing = 0;
		};
/* End PBXResourcesBuildPhase section */

/* Begin PBXShellScriptBuildPhase section */
		37AFBEBC0B97B8746404E3D9 /* [CP] Check Pods Manifest.lock */ = {
			isa = PBXShellScriptBuildPhase;
			buildActionMask = 2147483647;
			files = (
			);
			inputPaths = (
				"${PODS_PODFILE_DIR_PATH}/Podfile.lock",
				"${PODS_ROOT}/Manifest.lock",
			);
			name = "[CP] Check Pods Manifest.lock";
			outputPaths = (
				"$(DERIVED_FILE_DIR)/Pods-CenaNavidad-checkManifestLockResult.txt",
			);
			runOnlyForDeploymentPostprocessing = 0;
			shellPath = /bin/sh;
			shellScript = "diff \"${PODS_PODFILE_DIR_PATH}/Podfile.lock\" \"${PODS_ROOT}/Manifest.lock\" > /dev/null\nif [ $? != 0 ] ; then\n    # print error to STDERR\n    echo \"error: The sandbox is not in sync with the Podfile.lock. Run 'pod install' or update your CocoaPods installation.\" >&2\n    exit 1\nfi\n# This output is used by Xcode 'outputs' to avoid re-running this script phase.\necho \"SUCCESS\" > \"${SCRIPT_OUTPUT_FILE_0}\"\n";
			showEnvVarsInLog = 0;
		};
		974CE91D8F2D948758726509 /* [CP] Embed Pods Frameworks */ = {
			isa = PBXShellScriptBuildPhase;
			buildActionMask = 2147483647;
			files = (
			);
			inputPaths = (
				"${SRCROOT}/Pods/Target Support Files/Pods-CenaNavidad/Pods-CenaNavidad-frameworks.sh",
				"${BUILT_PRODUCTS_DIR}/Realm/Realm.framework",
				"${BUILT_PRODUCTS_DIR}/RealmSwift/RealmSwift.framework",
			);
			name = "[CP] Embed Pods Frameworks";
			outputPaths = (
				"${TARGET_BUILD_DIR}/${FRAMEWORKS_FOLDER_PATH}/Realm.framework",
				"${TARGET_BUILD_DIR}/${FRAMEWORKS_FOLDER_PATH}/RealmSwift.framework",
			);
			runOnlyForDeploymentPostprocessing = 0;
			shellPath = /bin/sh;
			shellScript = "\"${SRCROOT}/Pods/Target Support Files/Pods-CenaNavidad/Pods-CenaNavidad-frameworks.sh\"\n";
			showEnvVarsInLog = 0;
		};
/* End PBXShellScriptBuildPhase section */

/* Begin PBXSourcesBuildPhase section */
		DDD4864321E644FF002C4657 /* Sources */ = {
			isa = PBXSourcesBuildPhase;
			buildActionMask = 2147483647;
			files = (
				DDD4865F21E64A08002C4657 /* ParticipantesViewController.swift in Sources */,
				DDD4866821E64ED9002C4657 /* Participantes.swift in Sources */,
				DDD4867021E657A6002C4657 /* Entity.swift in Sources */,
				DD85A0FA21E7BF1A005DD2E1 /* FilteredPayCell.swift in Sources */,
				DD75210F21E8B32A0088D178 /* ModifyViewController.swift in Sources */,
				DDD4866D21E655C7002C4657 /* LocalPeopleRepository.swift in Sources */,
				DD85A0F621E7BE45005DD2E1 /* FilterPay.swift in Sources */,
				DDD4866B21E655AE002C4657 /* Repository.swift in Sources */,
				DDD4867521E65B77002C4657 /* AddViewController.swift in Sources */,
				DDD4864B21E644FF002C4657 /* AppDelegate.swift in Sources */,
				DDD4866421E64B54002C4657 /* PeopleTableViewCell.swift in Sources */,
				DD85A0FE21E7BFBF005DD2E1 /* EmptyTableViewCell.swift in Sources */,
				DD75211C21E8DC150088D178 /* mdfAlertViewController.swift in Sources */,
			);
			runOnlyForDeploymentPostprocessing = 0;
		};
/* End PBXSourcesBuildPhase section */

/* Begin PBXVariantGroup section */
		DDD4865321E64501002C4657 /* LaunchScreen.storyboard */ = {
			isa = PBXVariantGroup;
			children = (
				DDD4865421E64501002C4657 /* Base */,
			);
			name = LaunchScreen.storyboard;
			sourceTree = "<group>";
		};
/* End PBXVariantGroup section */

/* Begin XCBuildConfiguration section */
		DDD4865721E64501002C4657 /* Debug */ = {
			isa = XCBuildConfiguration;
			buildSettings = {
				ALWAYS_SEARCH_USER_PATHS = NO;
				CLANG_ANALYZER_NONNULL = YES;
				CLANG_ANALYZER_NUMBER_OBJECT_CONVERSION = YES_AGGRESSIVE;
				CLANG_CXX_LANGUAGE_STANDARD = "gnu++14";
				CLANG_CXX_LIBRARY = "libc++";
				CLANG_ENABLE_MODULES = YES;
				CLANG_ENABLE_OBJC_ARC = YES;
				CLANG_ENABLE_OBJC_WEAK = YES;
				CLANG_WARN_BLOCK_CAPTURE_AUTORELEASING = YES;
				CLANG_WARN_BOOL_CONVERSION = YES;
				CLANG_WARN_COMMA = YES;
				CLANG_WARN_CONSTANT_CONVERSION = YES;
				CLANG_WARN_DEPRECATED_OBJC_IMPLEMENTATIONS = YES;
				CLANG_WARN_DIRECT_OBJC_ISA_USAGE = YES_ERROR;
				CLANG_WARN_DOCUMENTATION_COMMENTS = YES;
				CLANG_WARN_EMPTY_BODY = YES;
				CLANG_WARN_ENUM_CONVERSION = YES;
				CLANG_WARN_INFINITE_RECURSION = YES;
				CLANG_WARN_INT_CONVERSION = YES;
				CLANG_WARN_NON_LITERAL_NULL_CONVERSION = YES;
				CLANG_WARN_OBJC_IMPLICIT_RETAIN_SELF = YES;
				CLANG_WARN_OBJC_LITERAL_CONVERSION = YES;
				CLANG_WARN_OBJC_ROOT_CLASS = YES_ERROR;
				CLANG_WARN_RANGE_LOOP_ANALYSIS = YES;
				CLANG_WARN_STRICT_PROTOTYPES = YES;
				CLANG_WARN_SUSPICIOUS_MOVE = YES;
				CLANG_WARN_UNGUARDED_AVAILABILITY = YES_AGGRESSIVE;
				CLANG_WARN_UNREACHABLE_CODE = YES;
				CLANG_WARN__DUPLICATE_METHOD_MATCH = YES;
				CODE_SIGN_IDENTITY = "iPhone Developer";
				COPY_PHASE_STRIP = NO;
				DEBUG_INFORMATION_FORMAT = dwarf;
				ENABLE_STRICT_OBJC_MSGSEND = YES;
				ENABLE_TESTABILITY = YES;
				GCC_C_LANGUAGE_STANDARD = gnu11;
				GCC_DYNAMIC_NO_PIC = NO;
				GCC_NO_COMMON_BLOCKS = YES;
				GCC_OPTIMIZATION_LEVEL = 0;
				GCC_PREPROCESSOR_DEFINITIONS = (
					"DEBUG=1",
					"$(inherited)",
				);
				GCC_WARN_64_TO_32_BIT_CONVERSION = YES;
				GCC_WARN_ABOUT_RETURN_TYPE = YES_ERROR;
				GCC_WARN_UNDECLARED_SELECTOR = YES;
				GCC_WARN_UNINITIALIZED_AUTOS = YES_AGGRESSIVE;
				GCC_WARN_UNUSED_FUNCTION = YES;
				GCC_WARN_UNUSED_VARIABLE = YES;
				IPHONEOS_DEPLOYMENT_TARGET = 11.3;
				MTL_ENABLE_DEBUG_INFO = YES;
				ONLY_ACTIVE_ARCH = YES;
				SDKROOT = iphoneos;
				SWIFT_ACTIVE_COMPILATION_CONDITIONS = DEBUG;
				SWIFT_OPTIMIZATION_LEVEL = "-Onone";
			};
			name = Debug;
		};
		DDD4865821E64501002C4657 /* Release */ = {
			isa = XCBuildConfiguration;
			buildSettings = {
				ALWAYS_SEARCH_USER_PATHS = NO;
				CLANG_ANALYZER_NONNULL = YES;
				CLANG_ANALYZER_NUMBER_OBJECT_CONVERSION = YES_AGGRESSIVE;
				CLANG_CXX_LANGUAGE_STANDARD = "gnu++14";
				CLANG_CXX_LIBRARY = "libc++";
				CLANG_ENABLE_MODULES = YES;
				CLANG_ENABLE_OBJC_ARC = YES;
				CLANG_ENABLE_OBJC_WEAK = YES;
				CLANG_WARN_BLOCK_CAPTURE_AUTORELEASING = YES;
				CLANG_WARN_BOOL_CONVERSION = YES;
				CLANG_WARN_COMMA = YES;
				CLANG_WARN_CONSTANT_CONVERSION = YES;
				CLANG_WARN_DEPRECATED_OBJC_IMPLEMENTATIONS = YES;
				CLANG_WARN_DIRECT_OBJC_ISA_USAGE = YES_ERROR;
				CLANG_WARN_DOCUMENTATION_COMMENTS = YES;
				CLANG_WARN_EMPTY_BODY = YES;
				CLANG_WARN_ENUM_CONVERSION = YES;
				CLANG_WARN_INFINITE_RECURSION = YES;
				CLANG_WARN_INT_CONVERSION = YES;
				CLANG_WARN_NON_LITERAL_NULL_CONVERSION = YES;
				CLANG_WARN_OBJC_IMPLICIT_RETAIN_SELF = YES;
				CLANG_WARN_OBJC_LITERAL_CONVERSION = YES;
				CLANG_WARN_OBJC_ROOT_CLASS = YES_ERROR;
				CLANG_WARN_RANGE_LOOP_ANALYSIS = YES;
				CLANG_WARN_STRICT_PROTOTYPES = YES;
				CLANG_WARN_SUSPICIOUS_MOVE = YES;
				CLANG_WARN_UNGUARDED_AVAILABILITY = YES_AGGRESSIVE;
				CLANG_WARN_UNREACHABLE_CODE = YES;
				CLANG_WARN__DUPLICATE_METHOD_MATCH = YES;
				CODE_SIGN_IDENTITY = "iPhone Developer";
				COPY_PHASE_STRIP = NO;
				DEBUG_INFORMATION_FORMAT = "dwarf-with-dsym";
				ENABLE_NS_ASSERTIONS = NO;
				ENABLE_STRICT_OBJC_MSGSEND = YES;
				GCC_C_LANGUAGE_STANDARD = gnu11;
				GCC_NO_COMMON_BLOCKS = YES;
				GCC_WARN_64_TO_32_BIT_CONVERSION = YES;
				GCC_WARN_ABOUT_RETURN_TYPE = YES_ERROR;
				GCC_WARN_UNDECLARED_SELECTOR = YES;
				GCC_WARN_UNINITIALIZED_AUTOS = YES_AGGRESSIVE;
				GCC_WARN_UNUSED_FUNCTION = YES;
				GCC_WARN_UNUSED_VARIABLE = YES;
				IPHONEOS_DEPLOYMENT_TARGET = 11.3;
				MTL_ENABLE_DEBUG_INFO = NO;
				SDKROOT = iphoneos;
				SWIFT_COMPILATION_MODE = wholemodule;
				SWIFT_OPTIMIZATION_LEVEL = "-O";
				VALIDATE_PRODUCT = YES;
			};
			name = Release;
		};
		DDD4865A21E64501002C4657 /* Debug */ = {
			isa = XCBuildConfiguration;
			baseConfigurationReference = 16342E4F5350A8FB5764E363 /* Pods-CenaNavidad.debug.xcconfig */;
			buildSettings = {
				ASSETCATALOG_COMPILER_APPICON_NAME = AppIcon;
				CODE_SIGN_STYLE = Automatic;
				INFOPLIST_FILE = CenaNavidad/Info.plist;
				LD_RUNPATH_SEARCH_PATHS = (
					"$(inherited)",
					"@executable_path/Frameworks",
				);
				PRODUCT_BUNDLE_IDENTIFIER = milw0rm.CenaNavidad;
				PRODUCT_NAME = "$(TARGET_NAME)";
				SWIFT_VERSION = 4.0;
				TARGETED_DEVICE_FAMILY = "1,2";
			};
			name = Debug;
		};
		DDD4865B21E64501002C4657 /* Release */ = {
			isa = XCBuildConfiguration;
			baseConfigurationReference = B273E608E1D016EF145AB597 /* Pods-CenaNavidad.release.xcconfig */;
			buildSettings = {
				ASSETCATALOG_COMPILER_APPICON_NAME = AppIcon;
				CODE_SIGN_STYLE = Automatic;
				INFOPLIST_FILE = CenaNavidad/Info.plist;
				LD_RUNPATH_SEARCH_PATHS = (
					"$(inherited)",
					"@executable_path/Frameworks",
				);
				PRODUCT_BUNDLE_IDENTIFIER = milw0rm.CenaNavidad;
				PRODUCT_NAME = "$(TARGET_NAME)";
				SWIFT_VERSION = 4.0;
				TARGETED_DEVICE_FAMILY = "1,2";
			};
			name = Release;
		};
/* End XCBuildConfiguration section */

/* Begin XCConfigurationList section */
		DDD4864221E644FF002C4657 /* Build configuration list for PBXProject "CenaNavidad" */ = {
			isa = XCConfigurationList;
			buildConfigurations = (
				DDD4865721E64501002C4657 /* Debug */,
				DDD4865821E64501002C4657 /* Release */,
			);
			defaultConfigurationIsVisible = 0;
			defaultConfigurationName = Release;
		};
		DDD4865921E64501002C4657 /* Build configuration list for PBXNativeTarget "CenaNavidad" */ = {
			isa = XCConfigurationList;
			buildConfigurations = (
				DDD4865A21E64501002C4657 /* Debug */,
				DDD4865B21E64501002C4657 /* Release */,
			);
			defaultConfigurationIsVisible = 0;
			defaultConfigurationName = Release;
		};
/* End XCConfigurationList section */
	};
	rootObject = DDD4863F21E644FF002C4657 /* Project object */;
}
